
Microsoft Visual Studio Solution File, Format Version 12.00
# Visual Studio Version 16
VisualStudioVersion = 16.0.31019.35
MinimumVisualStudioVersion = 10.0.40219.1
Project("{9A19103F-16F7-4668-BE54-9A1E7A4F7556}") = "FinanceManager", "FinanceManager\FinanceManager.csproj", "{457C4132-7643-4D98-A2D4-E5018AEB4D41}"
EndProject
Project("{9A19103F-16F7-4668-BE54-9A1E7A4F7556}") = "FinanceManager.Identity", "FinanceManager.Identity\FinanceManager.Identity.csproj", "{8C440875-02B7-4416-B82C-53F74A0C5542}"
EndProject
Project("{9A19103F-16F7-4668-BE54-9A1E7A4F7556}") = "FinanceManager.Infrastructure", "FinanceManager.Infrastructure\FinanceManager.Infrastructure.csproj", "{3A0AA178-D3F5-4C75-9C04-4112FB66EFF4}"
EndProject
Project("{9A19103F-16F7-4668-BE54-9A1E7A4F7556}") = "FinanceManager.Application", "FinanceManager.Application\FinanceManager.Application.csproj", "{23DD804B-E81D-4E4B-B807-2B3AF1D26A82}"
EndProject
Project("{9A19103F-16F7-4668-BE54-9A1E7A4F7556}") = "FinanceManager.Persistence", "FinanceManager.Persistence\FinanceManager.Persistence.csproj", "{9A9B997D-CDA1-4C73-BD13-074304E3BDDF}"
EndProject
Project("{9A19103F-16F7-4668-BE54-9A1E7A4F7556}") = "FinanceManager.Domain", "FinanceManager.Domain\FinanceManager.Domain.csproj", "{DB8ACA5F-4A8C-4C92-BB4A-D50CF6D3F275}"
EndProject
Global
	GlobalSection(SolutionConfigurationPlatforms) = preSolution
		Debug|Any CPU = Debug|Any CPU
		Release|Any CPU = Release|Any CPU
	EndGlobalSection
	GlobalSection(ProjectConfigurationPlatforms) = postSolution
		{457C4132-7643-4D98-A2D4-E5018AEB4D41}.Debug|Any CPU.ActiveCfg = Debug|Any CPU
		{457C4132-7643-4D98-A2D4-E5018AEB4D41}.Debug|Any CPU.Build.0 = Debug|Any CPU
		{457C4132-7643-4D98-A2D4-E5018AEB4D41}.Release|Any CPU.ActiveCfg = Release|Any CPU
		{457C4132-7643-4D98-A2D4-E5018AEB4D41}.Release|Any CPU.Build.0 = Release|Any CPU
		{8C440875-02B7-4416-B82C-53F74A0C5542}.Debug|Any CPU.ActiveCfg = Debug|Any CPU
		{8C440875-02B7-4416-B82C-53F74A0C5542}.Debug|Any CPU.Build.0 = Debug|Any CPU
		{8C440875-02B7-4416-B82C-53F74A0C5542}.Release|Any CPU.ActiveCfg = Release|Any CPU
		{8C440875-02B7-4416-B82C-53F74A0C5542}.Release|Any CPU.Build.0 = Release|Any CPU
		{3A0AA178-D3F5-4C75-9C04-4112FB66EFF4}.Debug|Any CPU.ActiveCfg = Debug|Any CPU
		{3A0AA178-D3F5-4C75-9C04-4112FB66EFF4}.Debug|Any CPU.Build.0 = Debug|Any CPU
		{3A0AA178-D3F5-4C75-9C04-4112FB66EFF4}.Release|Any CPU.ActiveCfg = Release|Any CPU
		{3A0AA178-D3F5-4C75-9C04-4112FB66EFF4}.Release|Any CPU.Build.0 = Release|Any CPU
		{23DD804B-E81D-4E4B-B807-2B3AF1D26A82}.Debug|Any CPU.ActiveCfg = Debug|Any CPU
		{23DD804B-E81D-4E4B-B807-2B3AF1D26A82}.Debug|Any CPU.Build.0 = Debug|Any CPU
		{23DD804B-E81D-4E4B-B807-2B3AF1D26A82}.Release|Any CPU.ActiveCfg = Release|Any CPU
		{23DD804B-E81D-4E4B-B807-2B3AF1D26A82}.Release|Any CPU.Build.0 = Release|Any CPU
		{9A9B997D-CDA1-4C73-BD13-074304E3BDDF}.Debug|Any CPU.ActiveCfg = Debug|Any CPU
		{9A9B997D-CDA1-4C73-BD13-074304E3BDDF}.Debug|Any CPU.Build.0 = Debug|Any CPU
		{9A9B997D-CDA1-4C73-BD13-074304E3BDDF}.Release|Any CPU.ActiveCfg = Release|Any CPU
		{9A9B997D-CDA1-4C73-BD13-074304E3BDDF}.Release|Any CPU.Build.0 = Release|Any CPU
		{DB8ACA5F-4A8C-4C92-BB4A-D50CF6D3F275}.Debug|Any CPU.ActiveCfg = Debug|Any CPU
		{DB8ACA5F-4A8C-4C92-BB4A-D50CF6D3F275}.Debug|Any CPU.Build.0 = Debug|Any CPU
		{DB8ACA5F-4A8C-4C92-BB4A-D50CF6D3F275}.Release|Any CPU.ActiveCfg = Release|Any CPU
		{DB8ACA5F-4A8C-4C92-BB4A-D50CF6D3F275}.Release|Any CPU.Build.0 = Release|Any CPU
	EndGlobalSection
	GlobalSection(SolutionProperties) = preSolution
		HideSolutionNode = FALSE
	EndGlobalSection
	GlobalSection(ExtensibilityGlobals) = postSolution
		SolutionGuid = {95612935-6AA6-496C-9E2E-9191E2D28754}
	EndGlobalSection
EndGlobal
